
Microsoft Visual Studio Solution File, Format Version 12.00
# Visual Studio Version 17
VisualStudioVersion = 17.9.34728.123
MinimumVisualStudioVersion = 10.0.40219.1
Project("{FAE04EC0-301F-11D3-BF4B-00C04F79EFBC}") = "ProjectApi", "ProjectApi\ProjectApi.csproj", "{F924680F-2F49-4D78-9FC3-8B95F7193925}"
EndProject
Global
	GlobalSection(SolutionConfigurationPlatforms) = preSolution
		Debug|Any CPU = Debug|Any CPU
		Release|Any CPU = Release|Any CPU
	EndGlobalSection
	GlobalSection(ProjectConfigurationPlatforms) = postSolution
		{F924680F-2F49-4D78-9FC3-8B95F7193925}.Debug|Any CPU.ActiveCfg = Debug|Any CPU
		{F924680F-2F49-4D78-9FC3-8B95F7193925}.Debug|Any CPU.Build.0 = Debug|Any CPU
		{F924680F-2F49-4D78-9FC3-8B95F7193925}.Release|Any CPU.ActiveCfg = Release|Any CPU
		{F924680F-2F49-4D78-9FC3-8B95F7193925}.Release|Any CPU.Build.0 = Release|Any CPU
	EndGlobalSection
	GlobalSection(SolutionProperties) = preSolution
		HideSolutionNode = FALSE
	EndGlobalSection
	GlobalSection(ExtensibilityGlobals) = postSolution
		SolutionGuid = {054F1A54-DF62-41B3-A1B0-061368C90270}
	EndGlobalSection
EndGlobal
